{
    "_readme": [
        "This file locks the dependencies of your project to a known state",
        "Read more about it at https://getcomposer.org/doc/01-basic-usage.md#installing-dependencies",
        "This file is @generated automatically"
    ],
    "content-hash": "c67bb09ebdac6a3859817d2820d71b76",
    "packages": [
        {
            "name": "jossmp/navigate",
            "version": "v1.0.3",
            "source": {
                "type": "git",
                "url": "https://gitlab.com/JossMP/navigate.git",
                "reference": "b1a0d9b2c3df8264fc0047f8728b805ff2802053"
            },
            "dist": {
                "type": "zip",
                "url": "https://gitlab.com/api/v4/projects/JossMP%2Fnavigate/repository/archive.zip?sha=b1a0d9b2c3df8264fc0047f8728b805ff2802053",
                "reference": "b1a0d9b2c3df8264fc0047f8728b805ff2802053",
                "shasum": ""
            },
            "require-dev": {
                "php": ">=5.5"
            },
            "type": "library",
            "autoload": {
                "psr-4": {
                    "jossmp\\navigate\\": "src/"
                }
            },
            "notification-url": "https://packagist.org/downloads/",
            "license": [
                "GPL-3.0-or-later"
            ],
            "authors": [
                {
                    "name": "Josue Mazco Puma",
                    "email": "jossmp@gmail.com",
                    "homepage": "https://gitlab.com/JossMP",
                    "role": "Developers"
                }
            ],
            "description": "Libreria para el uso de cURL",
            "homepage": "https://gitlab.com/JossMP/",
            "keywords": [
                "curl",
                "navigate",
                "scraping"
            ],
            "time": "2021-04-25T20:17:41+00:00"
        },
        {
            "name": "jossmp/response",
            "version": "v1.0.6",
            "source": {
                "type": "git",
                "url": "https://gitlab.com/JossMP/response.git",
                "reference": "729920fdc3f6109627e2270379cf98c5e3202f46"
            },
            "dist": {
                "type": "zip",
                "url": "https://gitlab.com/api/v4/projects/JossMP%2Fresponse/repository/archive.zip?sha=729920fdc3f6109627e2270379cf98c5e3202f46",
                "reference": "729920fdc3f6109627e2270379cf98c5e3202f46",
                "shasum": ""
            },
            "require-dev": {
                "php": ">=5.5"
            },
            "type": "library",
            "autoload": {
                "psr-4": {
                    "jossmp\\response\\": "src/"
                }
            },
            "notification-url": "https://packagist.org/downloads/",
            "license": [
                "GPL-3.0-or-later"
            ],
            "authors": [
                {
                    "name": "Josue Mazco Puma",
                    "email": "jossmp@gmail.com",
                    "homepage": "https://gitlab.com/JossMP",
                    "role": "Developers"
                }
            ],
            "description": "Convierte array en Objeto",
            "homepage": "https://gitlab.com/JossMP/",
            "keywords": [
                "Array2Object",
                "array",
                "object"
            ],
            "time": "2021-06-23T07:38:00+00:00"
        },
        {
            "name": "jossmp/sunatphp",
            "version": "v4.0.1",
            "source": {
                "type": "git",
                "url": "https://github.com/JossMP/sunatphp.git",
                "reference": "7e94ba2c0c3f424bc86aaad857db1aafddb997da"
            },
            "dist": {
                "type": "zip",
                "url": "https://api.github.com/repos/JossMP/sunatphp/zipball/7e94ba2c0c3f424bc86aaad857db1aafddb997da",
                "reference": "7e94ba2c0c3f424bc86aaad857db1aafddb997da",
                "shasum": ""
            },
            "require": {
                "jossmp/navigate": "^1.0.2",
                "jossmp/response": "^1.0.2"
            },
            "require-dev": {
                "ext-curl": "*",
                "lib-curl": "*",
                "php": ">=5.4"
            },
            "type": "library",
            "autoload": {
                "psr-4": {
                    "jossmp\\sunat\\": "src",
                    "jossmp\\sunat\\model\\": "src/model/"
                }
            },
            "notification-url": "https://packagist.org/downloads/",
            "license": [
                "MIT"
            ],
            "authors": [
                {
                    "name": "Josue Mazco Puma",
                    "email": "jossmp@gmail.com",
                    "homepage": "https://peruanosenlinea.com/",
                    "role": "Developers"
                }
            ],
            "description": "Clase para realizar consultas a sunat Peru mediante el numero de ruc o dni",
            "homepage": "https://github.com/JossMP/sunatphp",
            "keywords": [
                "consulta",
                "curl",
                "peru",
                "php",
                "sunat"
            ],
            "time": "2021-07-04T15:58:28+00:00"
        }
    ],
    "packages-dev": [],
    "aliases": [],
    "minimum-stability": "stable",
    "stability-flags": [],
    "prefer-stable": false,
    "prefer-lowest": false,
    "platform": [],
    "platform-dev": [],
    "plugin-api-version": "1.1.0"
}
